{
  "version": 4,
  "terraform_version": "1.0.4",
  "serial": 5,
  "lineage": "4d71eb55-ecd3-8e41-4a1b-4e5aebe6efcd",
  "outputs": {},
  "resources": [
    {
      "mode": "managed",
      "type": "azurerm_container_group",
      "name": "tfcg_test",
      "provider": "provider[\"registry.terraform.io/hashicorp/azurerm\"]",
      "instances": [
        {
          "schema_version": 0,
          "attributes": {
            "container": [
              {
                "commands": [],
                "cpu": 1,
                "environment_variables": null,
                "gpu": [],
                "image": "jideborisdocker/react-docker:react-docker",
                "liveness_probe": [],
                "memory": 1,
                "name": "reactdocker",
                "ports": [
                  {
                    "port": 80,
                    "protocol": "TCP"
                  }
                ],
                "readiness_probe": [],
                "secure_environment_variables": null,
                "volume": []
              }
            ],
            "diagnostics": [],
            "dns_name_label": "jideborisdocker",
            "fqdn": "jideborisdocker.westeurope.azurecontainer.io",
            "id": "/subscriptions/63efbd1b-70cf-46f5-bf4b-fe0aed604267/resourceGroups/tfmainrg/providers/Microsoft.ContainerInstance/containerGroups/reactdocker",
            "identity": [],
            "image_registry_credential": [],
            "ip_address": "20.101.153.198",
            "ip_address_type": "Public",
            "location": "westeurope",
            "name": "reactdocker",
            "network_profile_id": null,
            "os_type": "Linux",
            "resource_group_name": "tfmainrg",
            "restart_policy": "Always",
            "tags": null,
            "timeouts": null
          },
          "sensitive_attributes": [],
          "private": "eyJlMmJmYjczMC1lY2FhLTExZTYtOGY4OC0zNDM2M2JjN2M0YzAiOnsiY3JlYXRlIjoxODAwMDAwMDAwMDAwLCJkZWxldGUiOjE4MDAwMDAwMDAwMDAsInJlYWQiOjMwMDAwMDAwMDAwMCwidXBkYXRlIjoxODAwMDAwMDAwMDAwfX0=",
          "dependencies": [
            "azurerm_resource_group.tf_test"
          ]
        }
      ]
    },
    {
      "mode": "managed",
      "type": "azurerm_resource_group",
      "name": "tf_test",
      "provider": "provider[\"registry.terraform.io/hashicorp/azurerm\"]",
      "instances": [
        {
          "schema_version": 0,
          "attributes": {
            "id": "/subscriptions/63efbd1b-70cf-46f5-bf4b-fe0aed604267/resourceGroups/tfmainrg",
            "location": "westeurope",
            "name": "tfmainrg",
            "tags": {},
            "timeouts": null
          },
          "sensitive_attributes": [],
          "private": "eyJlMmJmYjczMC1lY2FhLTExZTYtOGY4OC0zNDM2M2JjN2M0YzAiOnsiY3JlYXRlIjo1NDAwMDAwMDAwMDAwLCJkZWxldGUiOjU0MDAwMDAwMDAwMDAsInJlYWQiOjMwMDAwMDAwMDAwMCwidXBkYXRlIjo1NDAwMDAwMDAwMDAwfX0="
        }
      ]
    }
  ]
}
